
Microsoft Visual Studio Solution File, Format Version 12.00
# Visual Studio Version 17
VisualStudioVersion = 17.0.31717.71
MinimumVisualStudioVersion = 10.0.40219.1
Project("{9A19103F-16F7-4668-BE54-9A1E7A4F7556}") = "CompanyEmployees", "CompanyEmployees\CompanyEmployees.csproj", "{88C813E8-77AF-48EF-878A-845BCB65AF0B}"
EndProject
Project("{FAE04EC0-301F-11D3-BF4B-00C04F79EFBC}") = "Contracts", "Contracts\Contracts.csproj", "{34BE7923-06AC-40A4-8E55-4F8571BB30BE}"
EndProject
Project("{FAE04EC0-301F-11D3-BF4B-00C04F79EFBC}") = "LoggerService", "LoggerService\LoggerService.csproj", "{9E744DC7-776F-41E6-B13B-EEAB75961F89}"
EndProject
Global
	GlobalSection(SolutionConfigurationPlatforms) = preSolution
		Debug|Any CPU = Debug|Any CPU
		Release|Any CPU = Release|Any CPU
	EndGlobalSection
	GlobalSection(ProjectConfigurationPlatforms) = postSolution
		{88C813E8-77AF-48EF-878A-845BCB65AF0B}.Debug|Any CPU.ActiveCfg = Debug|Any CPU
		{88C813E8-77AF-48EF-878A-845BCB65AF0B}.Debug|Any CPU.Build.0 = Debug|Any CPU
		{88C813E8-77AF-48EF-878A-845BCB65AF0B}.Release|Any CPU.ActiveCfg = Release|Any CPU
		{88C813E8-77AF-48EF-878A-845BCB65AF0B}.Release|Any CPU.Build.0 = Release|Any CPU
		{34BE7923-06AC-40A4-8E55-4F8571BB30BE}.Debug|Any CPU.ActiveCfg = Debug|Any CPU
		{34BE7923-06AC-40A4-8E55-4F8571BB30BE}.Debug|Any CPU.Build.0 = Debug|Any CPU
		{34BE7923-06AC-40A4-8E55-4F8571BB30BE}.Release|Any CPU.ActiveCfg = Release|Any CPU
		{34BE7923-06AC-40A4-8E55-4F8571BB30BE}.Release|Any CPU.Build.0 = Release|Any CPU
		{9E744DC7-776F-41E6-B13B-EEAB75961F89}.Debug|Any CPU.ActiveCfg = Debug|Any CPU
		{9E744DC7-776F-41E6-B13B-EEAB75961F89}.Debug|Any CPU.Build.0 = Debug|Any CPU
		{9E744DC7-776F-41E6-B13B-EEAB75961F89}.Release|Any CPU.ActiveCfg = Release|Any CPU
		{9E744DC7-776F-41E6-B13B-EEAB75961F89}.Release|Any CPU.Build.0 = Release|Any CPU
	EndGlobalSection
	GlobalSection(SolutionProperties) = preSolution
		HideSolutionNode = FALSE
	EndGlobalSection
	GlobalSection(ExtensibilityGlobals) = postSolution
		SolutionGuid = {DE51EBE3-9EE6-4C34-96A1-E92AE661460A}
	EndGlobalSection
EndGlobal
